
Microsoft Visual Studio Solution File, Format Version 12.00
# Visual Studio Version 17
VisualStudioVersion = 17.6.33723.286
MinimumVisualStudioVersion = 10.0.40219.1
Project("{FAE04EC0-301F-11D3-BF4B-00C04F79EFBC}") = "Uppdrag3_Lottobollar", "Uppdrag3_Lottobollar\Uppdrag3_Lottobollar.csproj", "{2EDA35AA-71BB-4089-8807-8777D5294542}"
EndProject
Global
	GlobalSection(SolutionConfigurationPlatforms) = preSolution
		Debug|Any CPU = Debug|Any CPU
		Release|Any CPU = Release|Any CPU
	EndGlobalSection
	GlobalSection(ProjectConfigurationPlatforms) = postSolution
		{2EDA35AA-71BB-4089-8807-8777D5294542}.Debug|Any CPU.ActiveCfg = Debug|Any CPU
		{2EDA35AA-71BB-4089-8807-8777D5294542}.Debug|Any CPU.Build.0 = Debug|Any CPU
		{2EDA35AA-71BB-4089-8807-8777D5294542}.Release|Any CPU.ActiveCfg = Release|Any CPU
		{2EDA35AA-71BB-4089-8807-8777D5294542}.Release|Any CPU.Build.0 = Release|Any CPU
	EndGlobalSection
	GlobalSection(SolutionProperties) = preSolution
		HideSolutionNode = FALSE
	EndGlobalSection
	GlobalSection(ExtensibilityGlobals) = postSolution
		SolutionGuid = {B2CDD953-EC89-4C78-9210-2FFADC117A41}
	EndGlobalSection
EndGlobal
